// !$*UTF8*$!
{
	archiveVersion = 1;
	classes = {
	};
	objectVersion = 46;
	objects = {

/* Begin PBXBuildFile section */
		6B516F901D8AA36200D1A45A /* Interface.storyboard in Resources */ = {isa = PBXBuildFile; fileRef = 6B516F8E1D8AA36200D1A45A /* Interface.storyboard */; };
		6B516F921D8AA36200D1A45A /* Assets.xcassets in Resources */ = {isa = PBXBuildFile; fileRef = 6B516F911D8AA36200D1A45A /* Assets.xcassets */; };
		6B516F991D8AA36200D1A45A /* pushvoip watch Extension.appex in Embed App Extensions */ = {isa = PBXBuildFile; fileRef = 6B516F981D8AA36200D1A45A /* pushvoip watch Extension.appex */; settings = {ATTRIBUTES = (RemoveHeadersOnCopy, ); }; };
		6B516FA11D8AA36200D1A45A /* InterfaceController.m in Sources */ = {isa = PBXBuildFile; fileRef = 6B516FA01D8AA36200D1A45A /* InterfaceController.m */; };
		6B516FA41D8AA36200D1A45A /* ExtensionDelegate.m in Sources */ = {isa = PBXBuildFile; fileRef = 6B516FA31D8AA36200D1A45A /* ExtensionDelegate.m */; };
		6B516FA71D8AA36200D1A45A /* NotificationController.m in Sources */ = {isa = PBXBuildFile; fileRef = 6B516FA61D8AA36200D1A45A /* NotificationController.m */; };
		6B516FAA1D8AA36200D1A45A /* GlanceController.m in Sources */ = {isa = PBXBuildFile; fileRef = 6B516FA91D8AA36200D1A45A /* GlanceController.m */; };
		6B516FAD1D8AA36200D1A45A /* ComplicationController.m in Sources */ = {isa = PBXBuildFile; fileRef = 6B516FAC1D8AA36200D1A45A /* ComplicationController.m */; };
		6B516FAF1D8AA36200D1A45A /* Assets.xcassets in Resources */ = {isa = PBXBuildFile; fileRef = 6B516FAE1D8AA36200D1A45A /* Assets.xcassets */; };
		6B516FB31D8AA36200D1A45A /* pushvoip watch.app in Embed Watch Content */ = {isa = PBXBuildFile; fileRef = 6B516F8C1D8AA36200D1A45A /* pushvoip watch.app */; };
		6B516FBD1D8AA88600D1A45A /* MapKit.framework in Frameworks */ = {isa = PBXBuildFile; fileRef = 6B516FBC1D8AA88600D1A45A /* MapKit.framework */; };
		6BD060E01D9A78920040EED0 /* BSRegisterNavigationController.m in Sources */ = {isa = PBXBuildFile; fileRef = 6BD060DF1D9A78920040EED0 /* BSRegisterNavigationController.m */; };
		6BD060E31D9A7CCE0040EED0 /* BSRegisterFirstViewController.m in Sources */ = {isa = PBXBuildFile; fileRef = 6BD060E21D9A7CCE0040EED0 /* BSRegisterFirstViewController.m */; };
		6BD060E61D9A9C8D0040EED0 /* BSRegisterSecondViewController.m in Sources */ = {isa = PBXBuildFile; fileRef = 6BD060E51D9A9C8D0040EED0 /* BSRegisterSecondViewController.m */; };
		6BD060E91D9A9D8E0040EED0 /* BSRegisterThirdViewController.m in Sources */ = {isa = PBXBuildFile; fileRef = 6BD060E81D9A9D8E0040EED0 /* BSRegisterThirdViewController.m */; };
		6BE0E78D1D917DE900D38431 /* Interface.storyboard in Resources */ = {isa = PBXBuildFile; fileRef = 6B516F8E1D8AA36200D1A45A /* Interface.storyboard */; };
		6BE2E39B1D9BF6B80013F20C /* BSRegisterFourthViewController.m in Sources */ = {isa = PBXBuildFile; fileRef = 6BE2E39A1D9BF6B80013F20C /* BSRegisterFourthViewController.m */; };
		6BE2E39E1D9BF6F20013F20C /* BSRegisterFifthViewController.m in Sources */ = {isa = PBXBuildFile; fileRef = 6BE2E39D1D9BF6F20013F20C /* BSRegisterFifthViewController.m */; };
		FC4E831D1D76C1A800D9D5BC /* main.m in Sources */ = {isa = PBXBuildFile; fileRef = FC4E831C1D76C1A800D9D5BC /* main.m */; };
		FC4E83201D76C1A800D9D5BC /* AppDelegate.m in Sources */ = {isa = PBXBuildFile; fileRef = FC4E831F1D76C1A800D9D5BC /* AppDelegate.m */; };
		FC4E83231D76C1A800D9D5BC /* ViewController.m in Sources */ = {isa = PBXBuildFile; fileRef = FC4E83221D76C1A800D9D5BC /* ViewController.m */; };
		FC4E83261D76C1A800D9D5BC /* Main.storyboard in Resources */ = {isa = PBXBuildFile; fileRef = FC4E83241D76C1A800D9D5BC /* Main.storyboard */; };
		FC4E83281D76C1A800D9D5BC /* Assets.xcassets in Resources */ = {isa = PBXBuildFile; fileRef = FC4E83271D76C1A800D9D5BC /* Assets.xcassets */; };
		FC4E832B1D76C1A800D9D5BC /* LaunchScreen.storyboard in Resources */ = {isa = PBXBuildFile; fileRef = FC4E83291D76C1A800D9D5BC /* LaunchScreen.storyboard */; };
		FC4E83361D76C1A800D9D5BC /* pushvoipTests.m in Sources */ = {isa = PBXBuildFile; fileRef = FC4E83351D76C1A800D9D5BC /* pushvoipTests.m */; };
		FC4E83411D76C1A800D9D5BC /* pushvoipUITests.m in Sources */ = {isa = PBXBuildFile; fileRef = FC4E83401D76C1A800D9D5BC /* pushvoipUITests.m */; };
		FC4E83501D76C31700D9D5BC /* PushKit.framework in Frameworks */ = {isa = PBXBuildFile; fileRef = FC4E834F1D76C31700D9D5BC /* PushKit.framework */; };
		FCF4823A1D77043400946B2E /* CoreLocation.framework in Frameworks */ = {isa = PBXBuildFile; fileRef = FCF482391D77043400946B2E /* CoreLocation.framework */; };
/* End PBXBuildFile section */

/* Begin PBXContainerItemProxy section */
		6B516F9A1D8AA36200D1A45A /* PBXContainerItemProxy */ = {
			isa = PBXContainerItemProxy;
			containerPortal = FC4E83101D76C1A700D9D5BC /* Project object */;
			proxyType = 1;
			remoteGlobalIDString = 6B516F971D8AA36200D1A45A;
			remoteInfo = "pushvoip watch Extension";
		};
		6B516FB11D8AA36200D1A45A /* PBXContainerItemProxy */ = {
			isa = PBXContainerItemProxy;
			containerPortal = FC4E83101D76C1A700D9D5BC /* Project object */;
			proxyType = 1;
			remoteGlobalIDString = 6B516F8B1D8AA36200D1A45A;
			remoteInfo = "pushvoip watch";
		};
		FC4E83321D76C1A800D9D5BC /* PBXContainerItemProxy */ = {
			isa = PBXContainerItemProxy;
			containerPortal = FC4E83101D76C1A700D9D5BC /* Project object */;
			proxyType = 1;
			remoteGlobalIDString = FC4E83171D76C1A700D9D5BC;
			remoteInfo = pushvoip;
		};
		FC4E833D1D76C1A800D9D5BC /* PBXContainerItemProxy */ = {
			isa = PBXContainerItemProxy;
			containerPortal = FC4E83101D76C1A700D9D5BC /* Project object */;
			proxyType = 1;
			remoteGlobalIDString = FC4E83171D76C1A700D9D5BC;
			remoteInfo = pushvoip;
		};
/* End PBXContainerItemProxy section */

/* Begin PBXCopyFilesBuildPhase section */
		6B516FB91D8AA36200D1A45A /* Embed App Extensions */ = {
			isa = PBXCopyFilesBuildPhase;
			buildActionMask = 2147483647;
			dstPath = "";
			dstSubfolderSpec = 13;
			files = (
				6B516F991D8AA36200D1A45A /* pushvoip watch Extension.appex in Embed App Extensions */,
			);
			name = "Embed App Extensions";
			runOnlyForDeploymentPostprocessing = 0;
		};
		6B516FBB1D8AA36200D1A45A /* Embed Watch Content */ = {
			isa = PBXCopyFilesBuildPhase;
			buildActionMask = 2147483647;
			dstPath = "$(CONTENTS_FOLDER_PATH)/Watch";
			dstSubfolderSpec = 16;
			files = (
				6B516FB31D8AA36200D1A45A /* pushvoip watch.app in Embed Watch Content */,
			);
			name = "Embed Watch Content";
			runOnlyForDeploymentPostprocessing = 0;
		};
/* End PBXCopyFilesBuildPhase section */

/* Begin PBXFileReference section */
		6B516F8C1D8AA36200D1A45A /* pushvoip watch.app */ = {isa = PBXFileReference; explicitFileType = wrapper.application; includeInIndex = 0; path = "pushvoip watch.app"; sourceTree = BUILT_PRODUCTS_DIR; };
		6B516F8F1D8AA36200D1A45A /* Base */ = {isa = PBXFileReference; lastKnownFileType = file.storyboard; name = Base; path = Base.lproj/Interface.storyboard; sourceTree = "<group>"; };
		6B516F911D8AA36200D1A45A /* Assets.xcassets */ = {isa = PBXFileReference; lastKnownFileType = folder.assetcatalog; path = Assets.xcassets; sourceTree = "<group>"; };
		6B516F931D8AA36200D1A45A /* Info.plist */ = {isa = PBXFileReference; lastKnownFileType = text.plist.xml; path = Info.plist; sourceTree = "<group>"; };
		6B516F981D8AA36200D1A45A /* pushvoip watch Extension.appex */ = {isa = PBXFileReference; explicitFileType = "wrapper.app-extension"; includeInIndex = 0; path = "pushvoip watch Extension.appex"; sourceTree = BUILT_PRODUCTS_DIR; };
		6B516F9E1D8AA36200D1A45A /* PushNotificationPayload.apns */ = {isa = PBXFileReference; lastKnownFileType = text; path = PushNotificationPayload.apns; sourceTree = "<group>"; };
		6B516F9F1D8AA36200D1A45A /* InterfaceController.h */ = {isa = PBXFileReference; lastKnownFileType = sourcecode.c.h; path = InterfaceController.h; sourceTree = "<group>"; };
		6B516FA01D8AA36200D1A45A /* InterfaceController.m */ = {isa = PBXFileReference; lastKnownFileType = sourcecode.c.objc; path = InterfaceController.m; sourceTree = "<group>"; };
		6B516FA21D8AA36200D1A45A /* ExtensionDelegate.h */ = {isa = PBXFileReference; lastKnownFileType = sourcecode.c.h; path = ExtensionDelegate.h; sourceTree = "<group>"; };
		6B516FA31D8AA36200D1A45A /* ExtensionDelegate.m */ = {isa = PBXFileReference; lastKnownFileType = sourcecode.c.objc; path = ExtensionDelegate.m; sourceTree = "<group>"; };
		6B516FA51D8AA36200D1A45A /* NotificationController.h */ = {isa = PBXFileReference; lastKnownFileType = sourcecode.c.h; path = NotificationController.h; sourceTree = "<group>"; };
		6B516FA61D8AA36200D1A45A /* NotificationController.m */ = {isa = PBXFileReference; lastKnownFileType = sourcecode.c.objc; path = NotificationController.m; sourceTree = "<group>"; };
		6B516FA81D8AA36200D1A45A /* GlanceController.h */ = {isa = PBXFileReference; lastKnownFileType = sourcecode.c.h; path = GlanceController.h; sourceTree = "<group>"; };
		6B516FA91D8AA36200D1A45A /* GlanceController.m */ = {isa = PBXFileReference; lastKnownFileType = sourcecode.c.objc; path = GlanceController.m; sourceTree = "<group>"; };
		6B516FAB1D8AA36200D1A45A /* ComplicationController.h */ = {isa = PBXFileReference; lastKnownFileType = sourcecode.c.h; path = ComplicationController.h; sourceTree = "<group>"; };
		6B516FAC1D8AA36200D1A45A /* ComplicationController.m */ = {isa = PBXFileReference; lastKnownFileType = sourcecode.c.objc; path = ComplicationController.m; sourceTree = "<group>"; };
		6B516FAE1D8AA36200D1A45A /* Assets.xcassets */ = {isa = PBXFileReference; lastKnownFileType = folder.assetcatalog; path = Assets.xcassets; sourceTree = "<group>"; };
		6B516FB01D8AA36200D1A45A /* Info.plist */ = {isa = PBXFileReference; lastKnownFileType = text.plist.xml; path = Info.plist; sourceTree = "<group>"; };
		6B516FBC1D8AA88600D1A45A /* MapKit.framework */ = {isa = PBXFileReference; lastKnownFileType = wrapper.framework; name = MapKit.framework; path = System/Library/Frameworks/MapKit.framework; sourceTree = SDKROOT; };
		6BD060DE1D9A78920040EED0 /* BSRegisterNavigationController.h */ = {isa = PBXFileReference; fileEncoding = 4; lastKnownFileType = sourcecode.c.h; path = BSRegisterNavigationController.h; sourceTree = "<group>"; };
		6BD060DF1D9A78920040EED0 /* BSRegisterNavigationController.m */ = {isa = PBXFileReference; fileEncoding = 4; lastKnownFileType = sourcecode.c.objc; path = BSRegisterNavigationController.m; sourceTree = "<group>"; };
		6BD060E11D9A7CCE0040EED0 /* BSRegisterFirstViewController.h */ = {isa = PBXFileReference; fileEncoding = 4; lastKnownFileType = sourcecode.c.h; path = BSRegisterFirstViewController.h; sourceTree = "<group>"; };
		6BD060E21D9A7CCE0040EED0 /* BSRegisterFirstViewController.m */ = {isa = PBXFileReference; fileEncoding = 4; lastKnownFileType = sourcecode.c.objc; path = BSRegisterFirstViewController.m; sourceTree = "<group>"; };
		6BD060E41D9A9C8D0040EED0 /* BSRegisterSecondViewController.h */ = {isa = PBXFileReference; fileEncoding = 4; lastKnownFileType = sourcecode.c.h; path = BSRegisterSecondViewController.h; sourceTree = "<group>"; };
		6BD060E51D9A9C8D0040EED0 /* BSRegisterSecondViewController.m */ = {isa = PBXFileReference; fileEncoding = 4; lastKnownFileType = sourcecode.c.objc; path = BSRegisterSecondViewController.m; sourceTree = "<group>"; };
		6BD060E71D9A9D8E0040EED0 /* BSRegisterThirdViewController.h */ = {isa = PBXFileReference; fileEncoding = 4; lastKnownFileType = sourcecode.c.h; path = BSRegisterThirdViewController.h; sourceTree = "<group>"; };
		6BD060E81D9A9D8E0040EED0 /* BSRegisterThirdViewController.m */ = {isa = PBXFileReference; fileEncoding = 4; lastKnownFileType = sourcecode.c.objc; path = BSRegisterThirdViewController.m; sourceTree = "<group>"; };
		6BE2E3991D9BF6B80013F20C /* BSRegisterFourthViewController.h */ = {isa = PBXFileReference; fileEncoding = 4; lastKnownFileType = sourcecode.c.h; path = BSRegisterFourthViewController.h; sourceTree = "<group>"; };
		6BE2E39A1D9BF6B80013F20C /* BSRegisterFourthViewController.m */ = {isa = PBXFileReference; fileEncoding = 4; lastKnownFileType = sourcecode.c.objc; path = BSRegisterFourthViewController.m; sourceTree = "<group>"; };
		6BE2E39C1D9BF6F20013F20C /* BSRegisterFifthViewController.h */ = {isa = PBXFileReference; fileEncoding = 4; lastKnownFileType = sourcecode.c.h; path = BSRegisterFifthViewController.h; sourceTree = "<group>"; };
		6BE2E39D1D9BF6F20013F20C /* BSRegisterFifthViewController.m */ = {isa = PBXFileReference; fileEncoding = 4; lastKnownFileType = sourcecode.c.objc; path = BSRegisterFifthViewController.m; sourceTree = "<group>"; };
		FC4E83181D76C1A700D9D5BC /* pushvoip.app */ = {isa = PBXFileReference; explicitFileType = wrapper.application; includeInIndex = 0; path = pushvoip.app; sourceTree = BUILT_PRODUCTS_DIR; };
		FC4E831C1D76C1A800D9D5BC /* main.m */ = {isa = PBXFileReference; lastKnownFileType = sourcecode.c.objc; path = main.m; sourceTree = "<group>"; };
		FC4E831E1D76C1A800D9D5BC /* AppDelegate.h */ = {isa = PBXFileReference; lastKnownFileType = sourcecode.c.h; path = AppDelegate.h; sourceTree = "<group>"; };
		FC4E831F1D76C1A800D9D5BC /* AppDelegate.m */ = {isa = PBXFileReference; lastKnownFileType = sourcecode.c.objc; path = AppDelegate.m; sourceTree = "<group>"; };
		FC4E83211D76C1A800D9D5BC /* ViewController.h */ = {isa = PBXFileReference; lastKnownFileType = sourcecode.c.h; path = ViewController.h; sourceTree = "<group>"; };
		FC4E83221D76C1A800D9D5BC /* ViewController.m */ = {isa = PBXFileReference; lastKnownFileType = sourcecode.c.objc; path = ViewController.m; sourceTree = "<group>"; };
		FC4E83251D76C1A800D9D5BC /* Base */ = {isa = PBXFileReference; lastKnownFileType = file.storyboard; name = Base; path = Base.lproj/Main.storyboard; sourceTree = "<group>"; };
		FC4E83271D76C1A800D9D5BC /* Assets.xcassets */ = {isa = PBXFileReference; lastKnownFileType = folder.assetcatalog; path = Assets.xcassets; sourceTree = "<group>"; };
		FC4E832A1D76C1A800D9D5BC /* Base */ = {isa = PBXFileReference; lastKnownFileType = file.storyboard; name = Base; path = Base.lproj/LaunchScreen.storyboard; sourceTree = "<group>"; };
		FC4E832C1D76C1A800D9D5BC /* Info.plist */ = {isa = PBXFileReference; lastKnownFileType = text.plist.xml; path = Info.plist; sourceTree = "<group>"; };
		FC4E83311D76C1A800D9D5BC /* pushvoipTests.xctest */ = {isa = PBXFileReference; explicitFileType = wrapper.cfbundle; includeInIndex = 0; path = pushvoipTests.xctest; sourceTree = BUILT_PRODUCTS_DIR; };
		FC4E83351D76C1A800D9D5BC /* pushvoipTests.m */ = {isa = PBXFileReference; lastKnownFileType = sourcecode.c.objc; path = pushvoipTests.m; sourceTree = "<group>"; };
		FC4E83371D76C1A800D9D5BC /* Info.plist */ = {isa = PBXFileReference; lastKnownFileType = text.plist.xml; path = Info.plist; sourceTree = "<group>"; };
		FC4E833C1D76C1A800D9D5BC /* pushvoipUITests.xctest */ = {isa = PBXFileReference; explicitFileType = wrapper.cfbundle; includeInIndex = 0; path = pushvoipUITests.xctest; sourceTree = BUILT_PRODUCTS_DIR; };
		FC4E83401D76C1A800D9D5BC /* pushvoipUITests.m */ = {isa = PBXFileReference; lastKnownFileType = sourcecode.c.objc; path = pushvoipUITests.m; sourceTree = "<group>"; };
		FC4E83421D76C1A800D9D5BC /* Info.plist */ = {isa = PBXFileReference; lastKnownFileType = text.plist.xml; path = Info.plist; sourceTree = "<group>"; };
		FC4E834F1D76C31700D9D5BC /* PushKit.framework */ = {isa = PBXFileReference; lastKnownFileType = wrapper.framework; name = PushKit.framework; path = System/Library/Frameworks/PushKit.framework; sourceTree = SDKROOT; };
		FCF482391D77043400946B2E /* CoreLocation.framework */ = {isa = PBXFileReference; lastKnownFileType = wrapper.framework; name = CoreLocation.framework; path = System/Library/Frameworks/CoreLocation.framework; sourceTree = SDKROOT; };
/* End PBXFileReference section */

/* Begin PBXFrameworksBuildPhase section */
		6B516F951D8AA36200D1A45A /* Frameworks */ = {
			isa = PBXFrameworksBuildPhase;
			buildActionMask = 2147483647;
			files = (
			);
			runOnlyForDeploymentPostprocessing = 0;
		};
		FC4E83151D76C1A700D9D5BC /* Frameworks */ = {
			isa = PBXFrameworksBuildPhase;
			buildActionMask = 2147483647;
			files = (
				6B516FBD1D8AA88600D1A45A /* MapKit.framework in Frameworks */,
				FCF4823A1D77043400946B2E /* CoreLocation.framework in Frameworks */,
				FC4E83501D76C31700D9D5BC /* PushKit.framework in Frameworks */,
			);
			runOnlyForDeploymentPostprocessing = 0;
		};
		FC4E832E1D76C1A800D9D5BC /* Frameworks */ = {
			isa = PBXFrameworksBuildPhase;
			buildActionMask = 2147483647;
			files = (
			);
			runOnlyForDeploymentPostprocessing = 0;
		};
		FC4E83391D76C1A800D9D5BC /* Frameworks */ = {
			isa = PBXFrameworksBuildPhase;
			buildActionMask = 2147483647;
			files = (
			);
			runOnlyForDeploymentPostprocessing = 0;
		};
/* End PBXFrameworksBuildPhase section */

/* Begin PBXGroup section */
		6B516F8D1D8AA36200D1A45A /* pushvoip watch */ = {
			isa = PBXGroup;
			children = (
				6B516F8E1D8AA36200D1A45A /* Interface.storyboard */,
				6B516F911D8AA36200D1A45A /* Assets.xcassets */,
				6B516F931D8AA36200D1A45A /* Info.plist */,
			);
			path = "pushvoip watch";
			sourceTree = "<group>";
		};
		6B516F9C1D8AA36200D1A45A /* pushvoip watch Extension */ = {
			isa = PBXGroup;
			children = (
				6B516F9F1D8AA36200D1A45A /* InterfaceController.h */,
				6B516FA01D8AA36200D1A45A /* InterfaceController.m */,
				6B516FA21D8AA36200D1A45A /* ExtensionDelegate.h */,
				6B516FA31D8AA36200D1A45A /* ExtensionDelegate.m */,
				6B516FA51D8AA36200D1A45A /* NotificationController.h */,
				6B516FA61D8AA36200D1A45A /* NotificationController.m */,
				6B516FA81D8AA36200D1A45A /* GlanceController.h */,
				6B516FA91D8AA36200D1A45A /* GlanceController.m */,
				6B516FAB1D8AA36200D1A45A /* ComplicationController.h */,
				6B516FAC1D8AA36200D1A45A /* ComplicationController.m */,
				6B516FAE1D8AA36200D1A45A /* Assets.xcassets */,
				6B516FB01D8AA36200D1A45A /* Info.plist */,
				6B516F9D1D8AA36200D1A45A /* Supporting Files */,
			);
			path = "pushvoip watch Extension";
			sourceTree = "<group>";
		};
		6B516F9D1D8AA36200D1A45A /* Supporting Files */ = {
			isa = PBXGroup;
			children = (
				6B516F9E1D8AA36200D1A45A /* PushNotificationPayload.apns */,
			);
			name = "Supporting Files";
			sourceTree = "<group>";
		};
		FC4E830F1D76C1A700D9D5BC = {
			isa = PBXGroup;
			children = (
				6B516FBC1D8AA88600D1A45A /* MapKit.framework */,
				FCF482391D77043400946B2E /* CoreLocation.framework */,
				FC4E834F1D76C31700D9D5BC /* PushKit.framework */,
				FC4E831A1D76C1A800D9D5BC /* pushvoip */,
				FC4E83341D76C1A800D9D5BC /* pushvoipTests */,
				FC4E833F1D76C1A800D9D5BC /* pushvoipUITests */,
				6B516F8D1D8AA36200D1A45A /* pushvoip watch */,
				6B516F9C1D8AA36200D1A45A /* pushvoip watch Extension */,
				FC4E83191D76C1A700D9D5BC /* Products */,
			);
			sourceTree = "<group>";
		};
		FC4E83191D76C1A700D9D5BC /* Products */ = {
			isa = PBXGroup;
			children = (
				FC4E83181D76C1A700D9D5BC /* pushvoip.app */,
				FC4E83311D76C1A800D9D5BC /* pushvoipTests.xctest */,
				FC4E833C1D76C1A800D9D5BC /* pushvoipUITests.xctest */,
				6B516F8C1D8AA36200D1A45A /* pushvoip watch.app */,
				6B516F981D8AA36200D1A45A /* pushvoip watch Extension.appex */,
			);
			name = Products;
			sourceTree = "<group>";
		};
		FC4E831A1D76C1A800D9D5BC /* pushvoip */ = {
			isa = PBXGroup;
			children = (
				FC4E831E1D76C1A800D9D5BC /* AppDelegate.h */,
				FC4E831F1D76C1A800D9D5BC /* AppDelegate.m */,
				FC4E83211D76C1A800D9D5BC /* ViewController.h */,
				FC4E83221D76C1A800D9D5BC /* ViewController.m */,
				6BD060E11D9A7CCE0040EED0 /* BSRegisterFirstViewController.h */,
				6BD060E21D9A7CCE0040EED0 /* BSRegisterFirstViewController.m */,
				6BD060E41D9A9C8D0040EED0 /* BSRegisterSecondViewController.h */,
				6BD060E51D9A9C8D0040EED0 /* BSRegisterSecondViewController.m */,
				6BD060E71D9A9D8E0040EED0 /* BSRegisterThirdViewController.h */,
				6BD060E81D9A9D8E0040EED0 /* BSRegisterThirdViewController.m */,
				6BE2E3991D9BF6B80013F20C /* BSRegisterFourthViewController.h */,
				6BE2E39A1D9BF6B80013F20C /* BSRegisterFourthViewController.m */,
				6BE2E39C1D9BF6F20013F20C /* BSRegisterFifthViewController.h */,
				6BE2E39D1D9BF6F20013F20C /* BSRegisterFifthViewController.m */,
				6BD060DE1D9A78920040EED0 /* BSRegisterNavigationController.h */,
				6BD060DF1D9A78920040EED0 /* BSRegisterNavigationController.m */,
				FC4E83241D76C1A800D9D5BC /* Main.storyboard */,
				FC4E83291D76C1A800D9D5BC /* LaunchScreen.storyboard */,
				FC4E83271D76C1A800D9D5BC /* Assets.xcassets */,
				FC4E832C1D76C1A800D9D5BC /* Info.plist */,
				FC4E831B1D76C1A800D9D5BC /* Supporting Files */,
			);
			path = pushvoip;
			sourceTree = "<group>";
		};
		FC4E831B1D76C1A800D9D5BC /* Supporting Files */ = {
			isa = PBXGroup;
			children = (
				FC4E831C1D76C1A800D9D5BC /* main.m */,
			);
			name = "Supporting Files";
			sourceTree = "<group>";
		};
		FC4E83341D76C1A800D9D5BC /* pushvoipTests */ = {
			isa = PBXGroup;
			children = (
				FC4E83351D76C1A800D9D5BC /* pushvoipTests.m */,
				FC4E83371D76C1A800D9D5BC /* Info.plist */,
			);
			path = pushvoipTests;
			sourceTree = "<group>";
		};
		FC4E833F1D76C1A800D9D5BC /* pushvoipUITests */ = {
			isa = PBXGroup;
			children = (
				FC4E83401D76C1A800D9D5BC /* pushvoipUITests.m */,
				FC4E83421D76C1A800D9D5BC /* Info.plist */,
			);
			path = pushvoipUITests;
			sourceTree = "<group>";
		};
/* End PBXGroup section */

/* Begin PBXNativeTarget section */
		6B516F8B1D8AA36200D1A45A /* pushvoip watch */ = {
			isa = PBXNativeTarget;
			buildConfigurationList = 6B516FBA1D8AA36200D1A45A /* Build configuration list for PBXNativeTarget "pushvoip watch" */;
			buildPhases = (
				6B516F8A1D8AA36200D1A45A /* Resources */,
				6B516FB91D8AA36200D1A45A /* Embed App Extensions */,
			);
			buildRules = (
			);
			dependencies = (
				6B516F9B1D8AA36200D1A45A /* PBXTargetDependency */,
			);
			name = "pushvoip watch";
			productName = "pushvoip watch";
			productReference = 6B516F8C1D8AA36200D1A45A /* pushvoip watch.app */;
			productType = "com.apple.product-type.application.watchapp2";
		};
		6B516F971D8AA36200D1A45A /* pushvoip watch Extension */ = {
			isa = PBXNativeTarget;
			buildConfigurationList = 6B516FB81D8AA36200D1A45A /* Build configuration list for PBXNativeTarget "pushvoip watch Extension" */;
			buildPhases = (
				6B516F941D8AA36200D1A45A /* Sources */,
				6B516F951D8AA36200D1A45A /* Frameworks */,
				6B516F961D8AA36200D1A45A /* Resources */,
			);
			buildRules = (
			);
			dependencies = (
			);
			name = "pushvoip watch Extension";
			productName = "pushvoip watch Extension";
			productReference = 6B516F981D8AA36200D1A45A /* pushvoip watch Extension.appex */;
			productType = "com.apple.product-type.watchkit2-extension";
		};
		FC4E83171D76C1A700D9D5BC /* pushvoip */ = {
			isa = PBXNativeTarget;
			buildConfigurationList = FC4E83451D76C1A800D9D5BC /* Build configuration list for PBXNativeTarget "pushvoip" */;
			buildPhases = (
				FC4E83141D76C1A700D9D5BC /* Sources */,
				FC4E83151D76C1A700D9D5BC /* Frameworks */,
				FC4E83161D76C1A700D9D5BC /* Resources */,
				6B516FBB1D8AA36200D1A45A /* Embed Watch Content */,
			);
			buildRules = (
			);
			dependencies = (
				6B516FB21D8AA36200D1A45A /* PBXTargetDependency */,
			);
			name = pushvoip;
			productName = pushvoip;
			productReference = FC4E83181D76C1A700D9D5BC /* pushvoip.app */;
			productType = "com.apple.product-type.application";
		};
		FC4E83301D76C1A800D9D5BC /* pushvoipTests */ = {
			isa = PBXNativeTarget;
			buildConfigurationList = FC4E83481D76C1A800D9D5BC /* Build configuration list for PBXNativeTarget "pushvoipTests" */;
			buildPhases = (
				FC4E832D1D76C1A800D9D5BC /* Sources */,
				FC4E832E1D76C1A800D9D5BC /* Frameworks */,
				FC4E832F1D76C1A800D9D5BC /* Resources */,
			);
			buildRules = (
			);
			dependencies = (
				FC4E83331D76C1A800D9D5BC /* PBXTargetDependency */,
			);
			name = pushvoipTests;
			productName = pushvoipTests;
			productReference = FC4E83311D76C1A800D9D5BC /* pushvoipTests.xctest */;
			productType = "com.apple.product-type.bundle.unit-test";
		};
		FC4E833B1D76C1A800D9D5BC /* pushvoipUITests */ = {
			isa = PBXNativeTarget;
			buildConfigurationList = FC4E834B1D76C1A800D9D5BC /* Build configuration list for PBXNativeTarget "pushvoipUITests" */;
			buildPhases = (
				FC4E83381D76C1A800D9D5BC /* Sources */,
				FC4E83391D76C1A800D9D5BC /* Frameworks */,
				FC4E833A1D76C1A800D9D5BC /* Resources */,
			);
			buildRules = (
			);
			dependencies = (
				FC4E833E1D76C1A800D9D5BC /* PBXTargetDependency */,
			);
			name = pushvoipUITests;
			productName = pushvoipUITests;
			productReference = FC4E833C1D76C1A800D9D5BC /* pushvoipUITests.xctest */;
			productType = "com.apple.product-type.bundle.ui-testing";
		};
/* End PBXNativeTarget section */

/* Begin PBXProject section */
		FC4E83101D76C1A700D9D5BC /* Project object */ = {
			isa = PBXProject;
			attributes = {
				LastUpgradeCheck = 0730;
				ORGANIZATIONNAME = Mei;
				TargetAttributes = {
					6B516F8B1D8AA36200D1A45A = {
						CreatedOnToolsVersion = 7.3.1;
						DevelopmentTeam = 8Y8UU84C45;
					};
					6B516F971D8AA36200D1A45A = {
						CreatedOnToolsVersion = 7.3.1;
					};
					FC4E83171D76C1A700D9D5BC = {
						CreatedOnToolsVersion = 7.3.1;
						DevelopmentTeam = 8Y8UU84C45;
						SystemCapabilities = {
							com.apple.BackgroundModes = {
								enabled = 1;
							};
							com.apple.Push = {
								enabled = 0;
							};
						};
					};
					FC4E83301D76C1A800D9D5BC = {
						CreatedOnToolsVersion = 7.3.1;
						TestTargetID = FC4E83171D76C1A700D9D5BC;
					};
					FC4E833B1D76C1A800D9D5BC = {
						CreatedOnToolsVersion = 7.3.1;
						TestTargetID = FC4E83171D76C1A700D9D5BC;
					};
				};
			};
			buildConfigurationList = FC4E83131D76C1A700D9D5BC /* Build configuration list for PBXProject "pushvoip" */;
			compatibilityVersion = "Xcode 3.2";
			developmentRegion = English;
			hasScannedForEncodings = 0;
			knownRegions = (
				en,
				Base,
			);
			mainGroup = FC4E830F1D76C1A700D9D5BC;
			productRefGroup = FC4E83191D76C1A700D9D5BC /* Products */;
			projectDirPath = "";
			projectRoot = "";
			targets = (
				FC4E83171D76C1A700D9D5BC /* pushvoip */,
				FC4E83301D76C1A800D9D5BC /* pushvoipTests */,
				FC4E833B1D76C1A800D9D5BC /* pushvoipUITests */,
				6B516F8B1D8AA36200D1A45A /* pushvoip watch */,
				6B516F971D8AA36200D1A45A /* pushvoip watch Extension */,
			);
		};
/* End PBXProject section */

/* Begin PBXResourcesBuildPhase section */
		6B516F8A1D8AA36200D1A45A /* Resources */ = {
			isa = PBXResourcesBuildPhase;
			buildActionMask = 2147483647;
			files = (
				6B516F921D8AA36200D1A45A /* Assets.xcassets in Resources */,
				6B516F901D8AA36200D1A45A /* Interface.storyboard in Resources */,
			);
			runOnlyForDeploymentPostprocessing = 0;
		};
		6B516F961D8AA36200D1A45A /* Resources */ = {
			isa = PBXResourcesBuildPhase;
			buildActionMask = 2147483647;
			files = (
				6BE0E78D1D917DE900D38431 /* Interface.storyboard in Resources */,
				6B516FAF1D8AA36200D1A45A /* Assets.xcassets in Resources */,
			);
			runOnlyForDeploymentPostprocessing = 0;
		};
		FC4E83161D76C1A700D9D5BC /* Resources */ = {
			isa = PBXResourcesBuildPhase;
			buildActionMask = 2147483647;
			files = (
				FC4E832B1D76C1A800D9D5BC /* LaunchScreen.storyboard in Resources */,
				FC4E83281D76C1A800D9D5BC /* Assets.xcassets in Resources */,
				FC4E83261D76C1A800D9D5BC /* Main.storyboard in Resources */,
			);
			runOnlyForDeploymentPostprocessing = 0;
		};
		FC4E832F1D76C1A800D9D5BC /* Resources */ = {
			isa = PBXResourcesBuildPhase;
			buildActionMask = 2147483647;
			files = (
			);
			runOnlyForDeploymentPostprocessing = 0;
		};
		FC4E833A1D76C1A800D9D5BC /* Resources */ = {
			isa = PBXResourcesBuildPhase;
			buildActionMask = 2147483647;
			files = (
			);
			runOnlyForDeploymentPostprocessing = 0;
		};
/* End PBXResourcesBuildPhase section */

/* Begin PBXSourcesBuildPhase section */
		6B516F941D8AA36200D1A45A /* Sources */ = {
			isa = PBXSourcesBuildPhase;
			buildActionMask = 2147483647;
			files = (
				6B516FA41D8AA36200D1A45A /* ExtensionDelegate.m in Sources */,
				6B516FA11D8AA36200D1A45A /* InterfaceController.m in Sources */,
				6B516FA71D8AA36200D1A45A /* NotificationController.m in Sources */,
				6B516FAA1D8AA36200D1A45A /* GlanceController.m in Sources */,
				6B516FAD1D8AA36200D1A45A /* ComplicationController.m in Sources */,
			);
			runOnlyForDeploymentPostprocessing = 0;
		};
		FC4E83141D76C1A700D9D5BC /* Sources */ = {
			isa = PBXSourcesBuildPhase;
			buildActionMask = 2147483647;
			files = (
				6BE2E39E1D9BF6F20013F20C /* BSRegisterFifthViewController.m in Sources */,
				6BE2E39B1D9BF6B80013F20C /* BSRegisterFourthViewController.m in Sources */,
				6BD060E91D9A9D8E0040EED0 /* BSRegisterThirdViewController.m in Sources */,
				FC4E83231D76C1A800D9D5BC /* ViewController.m in Sources */,
				6BD060E31D9A7CCE0040EED0 /* BSRegisterFirstViewController.m in Sources */,
				FC4E83201D76C1A800D9D5BC /* AppDelegate.m in Sources */,
				6BD060E01D9A78920040EED0 /* BSRegisterNavigationController.m in Sources */,
				6BD060E61D9A9C8D0040EED0 /* BSRegisterSecondViewController.m in Sources */,
				FC4E831D1D76C1A800D9D5BC /* main.m in Sources */,
			);
			runOnlyForDeploymentPostprocessing = 0;
		};
		FC4E832D1D76C1A800D9D5BC /* Sources */ = {
			isa = PBXSourcesBuildPhase;
			buildActionMask = 2147483647;
			files = (
				FC4E83361D76C1A800D9D5BC /* pushvoipTests.m in Sources */,
			);
			runOnlyForDeploymentPostprocessing = 0;
		};
		FC4E83381D76C1A800D9D5BC /* Sources */ = {
			isa = PBXSourcesBuildPhase;
			buildActionMask = 2147483647;
			files = (
				FC4E83411D76C1A800D9D5BC /* pushvoipUITests.m in Sources */,
			);
			runOnlyForDeploymentPostprocessing = 0;
		};
/* End PBXSourcesBuildPhase section */

/* Begin PBXTargetDependency section */
		6B516F9B1D8AA36200D1A45A /* PBXTargetDependency */ = {
			isa = PBXTargetDependency;
			target = 6B516F971D8AA36200D1A45A /* pushvoip watch Extension */;
			targetProxy = 6B516F9A1D8AA36200D1A45A /* PBXContainerItemProxy */;
		};
		6B516FB21D8AA36200D1A45A /* PBXTargetDependency */ = {
			isa = PBXTargetDependency;
			target = 6B516F8B1D8AA36200D1A45A /* pushvoip watch */;
			targetProxy = 6B516FB11D8AA36200D1A45A /* PBXContainerItemProxy */;
		};
		FC4E83331D76C1A800D9D5BC /* PBXTargetDependency */ = {
			isa = PBXTargetDependency;
			target = FC4E83171D76C1A700D9D5BC /* pushvoip */;
			targetProxy = FC4E83321D76C1A800D9D5BC /* PBXContainerItemProxy */;
		};
		FC4E833E1D76C1A800D9D5BC /* PBXTargetDependency */ = {
			isa = PBXTargetDependency;
			target = FC4E83171D76C1A700D9D5BC /* pushvoip */;
			targetProxy = FC4E833D1D76C1A800D9D5BC /* PBXContainerItemProxy */;
		};
/* End PBXTargetDependency section */

/* Begin PBXVariantGroup section */
		6B516F8E1D8AA36200D1A45A /* Interface.storyboard */ = {
			isa = PBXVariantGroup;
			children = (
				6B516F8F1D8AA36200D1A45A /* Base */,
			);
			name = Interface.storyboard;
			sourceTree = "<group>";
		};
		FC4E83241D76C1A800D9D5BC /* Main.storyboard */ = {
			isa = PBXVariantGroup;
			children = (
				FC4E83251D76C1A800D9D5BC /* Base */,
			);
			name = Main.storyboard;
			sourceTree = "<group>";
		};
		FC4E83291D76C1A800D9D5BC /* LaunchScreen.storyboard */ = {
			isa = PBXVariantGroup;
			children = (
				FC4E832A1D76C1A800D9D5BC /* Base */,
			);
			name = LaunchScreen.storyboard;
			sourceTree = "<group>";
		};
/* End PBXVariantGroup section */

/* Begin XCBuildConfiguration section */
		6B516FB41D8AA36200D1A45A /* Debug */ = {
			isa = XCBuildConfiguration;
			buildSettings = {
				ASSETCATALOG_COMPILER_APPICON_NAME = AppIcon;
				CODE_SIGN_IDENTITY = "iPhone Developer";
				"CODE_SIGN_IDENTITY[sdk=iphoneos*]" = "iPhone Developer";
				IBSC_MODULE = pushvoip_watch_Extension;
				INFOPLIST_FILE = "pushvoip watch/Info.plist";
				PRODUCT_BUNDLE_IDENTIFIER = org.aedmap.testvoip.watchkitapp;
				PRODUCT_NAME = "$(TARGET_NAME)";
				SDKROOT = watchos;
				SKIP_INSTALL = YES;
				TARGETED_DEVICE_FAMILY = 4;
				WATCHOS_DEPLOYMENT_TARGET = 2.2;
			};
			name = Debug;
		};
		6B516FB51D8AA36200D1A45A /* Release */ = {
			isa = XCBuildConfiguration;
			buildSettings = {
				ASSETCATALOG_COMPILER_APPICON_NAME = AppIcon;
				CODE_SIGN_IDENTITY = "iPhone Developer";
				"CODE_SIGN_IDENTITY[sdk=iphoneos*]" = "iPhone Developer";
				IBSC_MODULE = pushvoip_watch_Extension;
				INFOPLIST_FILE = "pushvoip watch/Info.plist";
				PRODUCT_BUNDLE_IDENTIFIER = org.aedmap.testvoip.watchkitapp;
				PRODUCT_NAME = "$(TARGET_NAME)";
				SDKROOT = watchos;
				SKIP_INSTALL = YES;
				TARGETED_DEVICE_FAMILY = 4;
				WATCHOS_DEPLOYMENT_TARGET = 2.2;
			};
			name = Release;
		};
		6B516FB61D8AA36200D1A45A /* Debug */ = {
			isa = XCBuildConfiguration;
			buildSettings = {
				ASSETCATALOG_COMPILER_COMPLICATION_NAME = Complication;
				INFOPLIST_FILE = "pushvoip watch Extension/Info.plist";
				LD_RUNPATH_SEARCH_PATHS = "$(inherited) @executable_path/Frameworks @executable_path/../../Frameworks";
				PRODUCT_BUNDLE_IDENTIFIER = org.aedmap.testvoip.watchkitapp.watchkitextension;
				PRODUCT_NAME = "${TARGET_NAME}";
				SDKROOT = watchos;
				SKIP_INSTALL = YES;
				TARGETED_DEVICE_FAMILY = 4;
				WATCHOS_DEPLOYMENT_TARGET = 2.2;
			};
			name = Debug;
		};
		6B516FB71D8AA36200D1A45A /* Release */ = {
			isa = XCBuildConfiguration;
			buildSettings = {
				ASSETCATALOG_COMPILER_COMPLICATION_NAME = Complication;
				INFOPLIST_FILE = "pushvoip watch Extension/Info.plist";
				LD_RUNPATH_SEARCH_PATHS = "$(inherited) @executable_path/Frameworks @executable_path/../../Frameworks";
				PRODUCT_BUNDLE_IDENTIFIER = org.aedmap.testvoip.watchkitapp.watchkitextension;
				PRODUCT_NAME = "${TARGET_NAME}";
				SDKROOT = watchos;
				SKIP_INSTALL = YES;
				TARGETED_DEVICE_FAMILY = 4;
				WATCHOS_DEPLOYMENT_TARGET = 2.2;
			};
			name = Release;
		};
		FC4E83431D76C1A800D9D5BC /* Debug */ = {
			isa = XCBuildConfiguration;
			buildSettings = {
				ALWAYS_SEARCH_USER_PATHS = NO;
				CLANG_ANALYZER_NONNULL = YES;
				CLANG_CXX_LANGUAGE_STANDARD = "gnu++0x";
				CLANG_CXX_LIBRARY = "libc++";
				CLANG_ENABLE_MODULES = YES;
				CLANG_ENABLE_OBJC_ARC = YES;
				CLANG_WARN_BOOL_CONVERSION = YES;
				CLANG_WARN_CONSTANT_CONVERSION = YES;
				CLANG_WARN_DIRECT_OBJC_ISA_USAGE = YES_ERROR;
				CLANG_WARN_EMPTY_BODY = YES;
				CLANG_WARN_ENUM_CONVERSION = YES;
				CLANG_WARN_INT_CONVERSION = YES;
				CLANG_WARN_OBJC_ROOT_CLASS = YES_ERROR;
				CLANG_WARN_UNREACHABLE_CODE = YES;
				CLANG_WARN__DUPLICATE_METHOD_MATCH = YES;
				"CODE_SIGN_IDENTITY[sdk=iphoneos*]" = "iPhone Developer";
				COPY_PHASE_STRIP = NO;
				DEBUG_INFORMATION_FORMAT = dwarf;
				ENABLE_STRICT_OBJC_MSGSEND = YES;
				ENABLE_TESTABILITY = YES;
				GCC_C_LANGUAGE_STANDARD = gnu99;
				GCC_DYNAMIC_NO_PIC = NO;
				GCC_NO_COMMON_BLOCKS = YES;
				GCC_OPTIMIZATION_LEVEL = 0;
				GCC_PREPROCESSOR_DEFINITIONS = (
					"DEBUG=1",
					"$(inherited)",
				);
				GCC_WARN_64_TO_32_BIT_CONVERSION = YES;
				GCC_WARN_ABOUT_RETURN_TYPE = YES_ERROR;
				GCC_WARN_UNDECLARED_SELECTOR = YES;
				GCC_WARN_UNINITIALIZED_AUTOS = YES_AGGRESSIVE;
				GCC_WARN_UNUSED_FUNCTION = YES;
				GCC_WARN_UNUSED_VARIABLE = YES;
				IPHONEOS_DEPLOYMENT_TARGET = 9.3;
				MTL_ENABLE_DEBUG_INFO = YES;
				ONLY_ACTIVE_ARCH = YES;
				SDKROOT = iphoneos;
			};
			name = Debug;
		};
		FC4E83441D76C1A800D9D5BC /* Release */ = {
			isa = XCBuildConfiguration;
			buildSettings = {
				ALWAYS_SEARCH_USER_PATHS = NO;
				CLANG_ANALYZER_NONNULL = YES;
				CLANG_CXX_LANGUAGE_STANDARD = "gnu++0x";
				CLANG_CXX_LIBRARY = "libc++";
				CLANG_ENABLE_MODULES = YES;
				CLANG_ENABLE_OBJC_ARC = YES;
				CLANG_WARN_BOOL_CONVERSION = YES;
				CLANG_WARN_CONSTANT_CONVERSION = YES;
				CLANG_WARN_DIRECT_OBJC_ISA_USAGE = YES_ERROR;
				CLANG_WARN_EMPTY_BODY = YES;
				CLANG_WARN_ENUM_CONVERSION = YES;
				CLANG_WARN_INT_CONVERSION = YES;
				CLANG_WARN_OBJC_ROOT_CLASS = YES_ERROR;
				CLANG_WARN_UNREACHABLE_CODE = YES;
				CLANG_WARN__DUPLICATE_METHOD_MATCH = YES;
				"CODE_SIGN_IDENTITY[sdk=iphoneos*]" = "iPhone Developer";
				COPY_PHASE_STRIP = NO;
				DEBUG_INFORMATION_FORMAT = "dwarf-with-dsym";
				ENABLE_NS_ASSERTIONS = NO;
				ENABLE_STRICT_OBJC_MSGSEND = YES;
				GCC_C_LANGUAGE_STANDARD = gnu99;
				GCC_NO_COMMON_BLOCKS = YES;
				GCC_WARN_64_TO_32_BIT_CONVERSION = YES;
				GCC_WARN_ABOUT_RETURN_TYPE = YES_ERROR;
				GCC_WARN_UNDECLARED_SELECTOR = YES;
				GCC_WARN_UNINITIALIZED_AUTOS = YES_AGGRESSIVE;
				GCC_WARN_UNUSED_FUNCTION = YES;
				GCC_WARN_UNUSED_VARIABLE = YES;
				IPHONEOS_DEPLOYMENT_TARGET = 9.3;
				MTL_ENABLE_DEBUG_INFO = NO;
				SDKROOT = iphoneos;
				VALIDATE_PRODUCT = YES;
			};
			name = Release;
		};
		FC4E83461D76C1A800D9D5BC /* Debug */ = {
			isa = XCBuildConfiguration;
			buildSettings = {
				ASSETCATALOG_COMPILER_APPICON_NAME = AppIcon;
				CODE_SIGN_IDENTITY = "iPhone Developer";
				"CODE_SIGN_IDENTITY[sdk=iphoneos*]" = "iPhone Developer";
				INFOPLIST_FILE = pushvoip/Info.plist;
				IPHONEOS_DEPLOYMENT_TARGET = 9.0;
				LD_RUNPATH_SEARCH_PATHS = "$(inherited) @executable_path/Frameworks";
				PRODUCT_BUNDLE_IDENTIFIER = org.aedmap.testvoip;
				PRODUCT_NAME = "$(TARGET_NAME)";
				PROVISIONING_PROFILE = "";
			};
			name = Debug;
		};
		FC4E83471D76C1A800D9D5BC /* Release */ = {
			isa = XCBuildConfiguration;
			buildSettings = {
				ASSETCATALOG_COMPILER_APPICON_NAME = AppIcon;
				CODE_SIGN_IDENTITY = "iPhone Developer";
				"CODE_SIGN_IDENTITY[sdk=iphoneos*]" = "iPhone Developer";
				INFOPLIST_FILE = pushvoip/Info.plist;
				IPHONEOS_DEPLOYMENT_TARGET = 9.0;
				LD_RUNPATH_SEARCH_PATHS = "$(inherited) @executable_path/Frameworks";
				PRODUCT_BUNDLE_IDENTIFIER = org.aedmap.testvoip;
				PRODUCT_NAME = "$(TARGET_NAME)";
				PROVISIONING_PROFILE = "";
			};
			name = Release;
		};
		FC4E83491D76C1A800D9D5BC /* Debug */ = {
			isa = XCBuildConfiguration;
			buildSettings = {
				BUNDLE_LOADER = "$(TEST_HOST)";
				INFOPLIST_FILE = pushvoipTests/Info.plist;
				LD_RUNPATH_SEARCH_PATHS = "$(inherited) @executable_path/Frameworks @loader_path/Frameworks";
				PRODUCT_BUNDLE_IDENTIFIER = Christophe.pushvoipTests;
				PRODUCT_NAME = "$(TARGET_NAME)";
				TEST_HOST = "$(BUILT_PRODUCTS_DIR)/pushvoip.app/pushvoip";
			};
			name = Debug;
		};
		FC4E834A1D76C1A800D9D5BC /* Release */ = {
			isa = XCBuildConfiguration;
			buildSettings = {
				BUNDLE_LOADER = "$(TEST_HOST)";
				INFOPLIST_FILE = pushvoipTests/Info.plist;
				LD_RUNPATH_SEARCH_PATHS = "$(inherited) @executable_path/Frameworks @loader_path/Frameworks";
				PRODUCT_BUNDLE_IDENTIFIER = Christophe.pushvoipTests;
				PRODUCT_NAME = "$(TARGET_NAME)";
				TEST_HOST = "$(BUILT_PRODUCTS_DIR)/pushvoip.app/pushvoip";
			};
			name = Release;
		};
		FC4E834C1D76C1A800D9D5BC /* Debug */ = {
			isa = XCBuildConfiguration;
			buildSettings = {
				INFOPLIST_FILE = pushvoipUITests/Info.plist;
				LD_RUNPATH_SEARCH_PATHS = "$(inherited) @executable_path/Frameworks @loader_path/Frameworks";
				PRODUCT_BUNDLE_IDENTIFIER = Christophe.pushvoipUITests;
				PRODUCT_NAME = "$(TARGET_NAME)";
				TEST_TARGET_NAME = pushvoip;
			};
			name = Debug;
		};
		FC4E834D1D76C1A800D9D5BC /* Release */ = {
			isa = XCBuildConfiguration;
			buildSettings = {
				INFOPLIST_FILE = pushvoipUITests/Info.plist;
				LD_RUNPATH_SEARCH_PATHS = "$(inherited) @executable_path/Frameworks @loader_path/Frameworks";
				PRODUCT_BUNDLE_IDENTIFIER = Christophe.pushvoipUITests;
				PRODUCT_NAME = "$(TARGET_NAME)";
				TEST_TARGET_NAME = pushvoip;
			};
			name = Release;
		};
/* End XCBuildConfiguration section */

/* Begin XCConfigurationList section */
		6B516FB81D8AA36200D1A45A /* Build configuration list for PBXNativeTarget "pushvoip watch Extension" */ = {
			isa = XCConfigurationList;
			buildConfigurations = (
				6B516FB61D8AA36200D1A45A /* Debug */,
				6B516FB71D8AA36200D1A45A /* Release */,
			);
			defaultConfigurationIsVisible = 0;
			defaultConfigurationName = Release;
		};
		6B516FBA1D8AA36200D1A45A /* Build configuration list for PBXNativeTarget "pushvoip watch" */ = {
			isa = XCConfigurationList;
			buildConfigurations = (
				6B516FB41D8AA36200D1A45A /* Debug */,
				6B516FB51D8AA36200D1A45A /* Release */,
			);
			defaultConfigurationIsVisible = 0;
			defaultConfigurationName = Release;
		};
		FC4E83131D76C1A700D9D5BC /* Build configuration list for PBXProject "pushvoip" */ = {
			isa = XCConfigurationList;
			buildConfigurations = (
				FC4E83431D76C1A800D9D5BC /* Debug */,
				FC4E83441D76C1A800D9D5BC /* Release */,
			);
			defaultConfigurationIsVisible = 0;
			defaultConfigurationName = Release;
		};
		FC4E83451D76C1A800D9D5BC /* Build configuration list for PBXNativeTarget "pushvoip" */ = {
			isa = XCConfigurationList;
			buildConfigurations = (
				FC4E83461D76C1A800D9D5BC /* Debug */,
				FC4E83471D76C1A800D9D5BC /* Release */,
			);
			defaultConfigurationIsVisible = 0;
			defaultConfigurationName = Release;
		};
		FC4E83481D76C1A800D9D5BC /* Build configuration list for PBXNativeTarget "pushvoipTests" */ = {
			isa = XCConfigurationList;
			buildConfigurations = (
				FC4E83491D76C1A800D9D5BC /* Debug */,
				FC4E834A1D76C1A800D9D5BC /* Release */,
			);
			defaultConfigurationIsVisible = 0;
			defaultConfigurationName = Release;
		};
		FC4E834B1D76C1A800D9D5BC /* Build configuration list for PBXNativeTarget "pushvoipUITests" */ = {
			isa = XCConfigurationList;
			buildConfigurations = (
				FC4E834C1D76C1A800D9D5BC /* Debug */,
				FC4E834D1D76C1A800D9D5BC /* Release */,
			);
			defaultConfigurationIsVisible = 0;
			defaultConfigurationName = Release;
		};
/* End XCConfigurationList section */
	};
	rootObject = FC4E83101D76C1A700D9D5BC /* Project object */;
}
